// !$*UTF8*$!
{
	archiveVersion = 1;
	classes = {
	};
	objectVersion = 50;
	objects = {

/* Begin PBXBuildFile section */
		BF656CC521781A6700B4F613 /* Commads.swift in Sources */ = {isa = PBXBuildFile; fileRef = BF656CC421781A6700B4F613 /* Commads.swift */; };
		BF72F01D2178C01900009EC9 /* Room.swift in Sources */ = {isa = PBXBuildFile; fileRef = BF72F01C2178C01900009EC9 /* Room.swift */; };
		BF72F01F2178C6E900009EC9 /* Item.swift in Sources */ = {isa = PBXBuildFile; fileRef = BF72F01E2178C6E800009EC9 /* Item.swift */; };
		BF72F0212178C7DE00009EC9 /* Potion.swift in Sources */ = {isa = PBXBuildFile; fileRef = BF72F0202178C7DE00009EC9 /* Potion.swift */; };
		BF8B019D2177E0BA00A69A77 /* main.swift in Sources */ = {isa = PBXBuildFile; fileRef = BF8B019C2177E0BA00A69A77 /* main.swift */; };
		BF8B01A52177E11B00A69A77 /* Entity.swift in Sources */ = {isa = PBXBuildFile; fileRef = BF8B01A32177E11B00A69A77 /* Entity.swift */; };
		BF8B01A62177E11B00A69A77 /* Player.swift in Sources */ = {isa = PBXBuildFile; fileRef = BF8B01A42177E11B00A69A77 /* Player.swift */; };
		BF8B01A82177E78600A69A77 /* Attack.swift in Sources */ = {isa = PBXBuildFile; fileRef = BF8B01A72177E78600A69A77 /* Attack.swift */; };
		BF8B01AA2177E85300A69A77 /* Monster.swift in Sources */ = {isa = PBXBuildFile; fileRef = BF8B01A92177E85300A69A77 /* Monster.swift */; };
		BFD33B2E2178FA7F0052C6D7 /* Weapon.swift in Sources */ = {isa = PBXBuildFile; fileRef = BFD33B2D2178FA7F0052C6D7 /* Weapon.swift */; };
/* End PBXBuildFile section */

/* Begin PBXCopyFilesBuildPhase section */
		BF8B01972177E0BA00A69A77 /* CopyFiles */ = {
			isa = PBXCopyFilesBuildPhase;
			buildActionMask = 2147483647;
			dstPath = /usr/share/man/man1/;
			dstSubfolderSpec = 0;
			files = (
			);
			runOnlyForDeploymentPostprocessing = 1;
		};
/* End PBXCopyFilesBuildPhase section */

/* Begin PBXFileReference section */
		BF656CC421781A6700B4F613 /* Commads.swift */ = {isa = PBXFileReference; lastKnownFileType = sourcecode.swift; path = Commads.swift; sourceTree = "<group>"; };
		BF72F01C2178C01900009EC9 /* Room.swift */ = {isa = PBXFileReference; lastKnownFileType = sourcecode.swift; path = Room.swift; sourceTree = "<group>"; };
		BF72F01E2178C6E800009EC9 /* Item.swift */ = {isa = PBXFileReference; lastKnownFileType = sourcecode.swift; path = Item.swift; sourceTree = "<group>"; };
		BF72F0202178C7DE00009EC9 /* Potion.swift */ = {isa = PBXFileReference; lastKnownFileType = sourcecode.swift; path = Potion.swift; sourceTree = "<group>"; };
		BF8B01992177E0BA00A69A77 /* SwiftMUD */ = {isa = PBXFileReference; explicitFileType = "compiled.mach-o.executable"; includeInIndex = 0; path = SwiftMUD; sourceTree = BUILT_PRODUCTS_DIR; };
		BF8B019C2177E0BA00A69A77 /* main.swift */ = {isa = PBXFileReference; lastKnownFileType = sourcecode.swift; path = main.swift; sourceTree = "<group>"; };
		BF8B01A32177E11B00A69A77 /* Entity.swift */ = {isa = PBXFileReference; fileEncoding = 4; lastKnownFileType = sourcecode.swift; path = Entity.swift; sourceTree = "<group>"; };
		BF8B01A42177E11B00A69A77 /* Player.swift */ = {isa = PBXFileReference; fileEncoding = 4; lastKnownFileType = sourcecode.swift; path = Player.swift; sourceTree = "<group>"; };
		BF8B01A72177E78600A69A77 /* Attack.swift */ = {isa = PBXFileReference; lastKnownFileType = sourcecode.swift; path = Attack.swift; sourceTree = "<group>"; };
		BF8B01A92177E85300A69A77 /* Monster.swift */ = {isa = PBXFileReference; lastKnownFileType = sourcecode.swift; path = Monster.swift; sourceTree = "<group>"; };
		BFACD0FD21791CBA00140AF5 /* README.md */ = {isa = PBXFileReference; fileEncoding = 4; lastKnownFileType = net.daringfireball.markdown; path = README.md; sourceTree = "<group>"; };
		BFACD0FE21791EA000140AF5 /* .travis.yml */ = {isa = PBXFileReference; lastKnownFileType = text; path = .travis.yml; sourceTree = "<group>"; };
		BFACD1082179261700140AF5 /* SwiftMUDTests.swift */ = {isa = PBXFileReference; lastKnownFileType = sourcecode.swift; path = SwiftMUDTests.swift; sourceTree = "<group>"; };
		BFACD10A2179261700140AF5 /* Info.plist */ = {isa = PBXFileReference; lastKnownFileType = text.plist.xml; path = Info.plist; sourceTree = "<group>"; };
		BFD33B2D2178FA7F0052C6D7 /* Weapon.swift */ = {isa = PBXFileReference; lastKnownFileType = sourcecode.swift; path = Weapon.swift; sourceTree = "<group>"; };
/* End PBXFileReference section */

/* Begin PBXFrameworksBuildPhase section */
		BF8B01962177E0BA00A69A77 /* Frameworks */ = {
			isa = PBXFrameworksBuildPhase;
			buildActionMask = 2147483647;
			files = (
			);
			runOnlyForDeploymentPostprocessing = 0;
		};
/* End PBXFrameworksBuildPhase section */

/* Begin PBXGroup section */
		BF8B01902177E0BA00A69A77 = {
			isa = PBXGroup;
			children = (
				BFACD0FE21791EA000140AF5 /* .travis.yml */,
				BFACD0FD21791CBA00140AF5 /* README.md */,
				BF8B019B2177E0BA00A69A77 /* SwiftMUD */,
				BFACD1072179261700140AF5 /* SwiftMUDTests */,
				BF8B019A2177E0BA00A69A77 /* Products */,
			);
			sourceTree = "<group>";
		};
		BF8B019A2177E0BA00A69A77 /* Products */ = {
			isa = PBXGroup;
			children = (
				BF8B01992177E0BA00A69A77 /* SwiftMUD */,
			);
			name = Products;
			sourceTree = "<group>";
		};
		BF8B019B2177E0BA00A69A77 /* SwiftMUD */ = {
			isa = PBXGroup;
			children = (
				BF8B01A32177E11B00A69A77 /* Entity.swift */,
				BF8B01A42177E11B00A69A77 /* Player.swift */,
				BF8B019C2177E0BA00A69A77 /* main.swift */,
				BF8B01A72177E78600A69A77 /* Attack.swift */,
				BF8B01A92177E85300A69A77 /* Monster.swift */,
				BF656CC421781A6700B4F613 /* Commads.swift */,
				BF72F01C2178C01900009EC9 /* Room.swift */,
				BF72F01E2178C6E800009EC9 /* Item.swift */,
				BF72F0202178C7DE00009EC9 /* Potion.swift */,
				BFD33B2D2178FA7F0052C6D7 /* Weapon.swift */,
			);
			path = SwiftMUD;
			sourceTree = "<group>";
		};
		BFACD1072179261700140AF5 /* SwiftMUDTests */ = {
			isa = PBXGroup;
			children = (
				BFACD1082179261700140AF5 /* SwiftMUDTests.swift */,
				BFACD10A2179261700140AF5 /* Info.plist */,
			);
			path = SwiftMUDTests;
			sourceTree = "<group>";
		};
/* End PBXGroup section */

/* Begin PBXNativeTarget section */
		BF8B01982177E0BA00A69A77 /* SwiftMUD */ = {
			isa = PBXNativeTarget;
			buildConfigurationList = BF8B01A02177E0BA00A69A77 /* Build configuration list for PBXNativeTarget "SwiftMUD" */;
			buildPhases = (
				BF8B01952177E0BA00A69A77 /* Sources */,
				BF8B01962177E0BA00A69A77 /* Frameworks */,
				BF8B01972177E0BA00A69A77 /* CopyFiles */,
			);
			buildRules = (
			);
			dependencies = (
			);
			name = SwiftMUD;
			productName = SwiftMUD;
			productReference = BF8B01992177E0BA00A69A77 /* SwiftMUD */;
			productType = "com.apple.product-type.tool";
		};
/* End PBXNativeTarget section */

/* Begin PBXProject section */
		BF8B01912177E0BA00A69A77 /* Project object */ = {
			isa = PBXProject;
			attributes = {
				LastSwiftUpdateCheck = 1000;
				LastUpgradeCheck = 1000;
				ORGANIZATIONNAME = "Marquis Kurt";
				TargetAttributes = {
					BF8B01982177E0BA00A69A77 = {
						CreatedOnToolsVersion = 10.0;
					};
				};
			};
			buildConfigurationList = BF8B01942177E0BA00A69A77 /* Build configuration list for PBXProject "SwiftMUD" */;
			compatibilityVersion = "Xcode 9.3";
			developmentRegion = en;
			hasScannedForEncodings = 0;
			knownRegions = (
				en,
			);
			mainGroup = BF8B01902177E0BA00A69A77;
			productRefGroup = BF8B019A2177E0BA00A69A77 /* Products */;
			projectDirPath = "";
			projectRoot = "";
			targets = (
				BF8B01982177E0BA00A69A77 /* SwiftMUD */,
			);
		};
/* End PBXProject section */

/* Begin PBXSourcesBuildPhase section */
		BF8B01952177E0BA00A69A77 /* Sources */ = {
			isa = PBXSourcesBuildPhase;
			buildActionMask = 2147483647;
			files = (
				BF8B01AA2177E85300A69A77 /* Monster.swift in Sources */,
				BF8B01A52177E11B00A69A77 /* Entity.swift in Sources */,
				BF72F01D2178C01900009EC9 /* Room.swift in Sources */,
				BF72F0212178C7DE00009EC9 /* Potion.swift in Sources */,
				BF8B01A62177E11B00A69A77 /* Player.swift in Sources */,
				BFD33B2E2178FA7F0052C6D7 /* Weapon.swift in Sources */,
				BF72F01F2178C6E900009EC9 /* Item.swift in Sources */,
				BF8B019D2177E0BA00A69A77 /* main.swift in Sources */,
				BF656CC521781A6700B4F613 /* Commads.swift in Sources */,
				BF8B01A82177E78600A69A77 /* Attack.swift in Sources */,
			);
			runOnlyForDeploymentPostprocessing = 0;
		};
/* End PBXSourcesBuildPhase section */

/* Begin XCBuildConfiguration section */
		BF8B019E2177E0BA00A69A77 /* Debug */ = {
			isa = XCBuildConfiguration;
			buildSettings = {
				ALWAYS_SEARCH_USER_PATHS = NO;
				CLANG_ANALYZER_NONNULL = YES;
				CLANG_ANALYZER_NUMBER_OBJECT_CONVERSION = YES_AGGRESSIVE;
				CLANG_CXX_LANGUAGE_STANDARD = "gnu++14";
				CLANG_CXX_LIBRARY = "libc++";
				CLANG_ENABLE_MODULES = YES;
				CLANG_ENABLE_OBJC_ARC = YES;
				CLANG_ENABLE_OBJC_WEAK = YES;
				CLANG_WARN_BLOCK_CAPTURE_AUTORELEASING = YES;
				CLANG_WARN_BOOL_CONVERSION = YES;
				CLANG_WARN_COMMA = YES;
				CLANG_WARN_CONSTANT_CONVERSION = YES;
				CLANG_WARN_DEPRECATED_OBJC_IMPLEMENTATIONS = YES;
				CLANG_WARN_DIRECT_OBJC_ISA_USAGE = YES_ERROR;
				CLANG_WARN_DOCUMENTATION_COMMENTS = YES;
				CLANG_WARN_EMPTY_BODY = YES;
				CLANG_WARN_ENUM_CONVERSION = YES;
				CLANG_WARN_INFINITE_RECURSION = YES;
				CLANG_WARN_INT_CONVERSION = YES;
				CLANG_WARN_NON_LITERAL_NULL_CONVERSION = YES;
				CLANG_WARN_OBJC_IMPLICIT_RETAIN_SELF = YES;
				CLANG_WARN_OBJC_LITERAL_CONVERSION = YES;
				CLANG_WARN_OBJC_ROOT_CLASS = YES_ERROR;
				CLANG_WARN_RANGE_LOOP_ANALYSIS = YES;
				CLANG_WARN_STRICT_PROTOTYPES = YES;
				CLANG_WARN_SUSPICIOUS_MOVE = YES;
				CLANG_WARN_UNGUARDED_AVAILABILITY = YES_AGGRESSIVE;
				CLANG_WARN_UNREACHABLE_CODE = YES;
				CLANG_WARN__DUPLICATE_METHOD_MATCH = YES;
				CODE_SIGN_IDENTITY = "Mac Developer";
				COPY_PHASE_STRIP = NO;
				DEBUG_INFORMATION_FORMAT = dwarf;
				ENABLE_STRICT_OBJC_MSGSEND = YES;
				ENABLE_TESTABILITY = YES;
				GCC_C_LANGUAGE_STANDARD = gnu11;
				GCC_DYNAMIC_NO_PIC = NO;
				GCC_NO_COMMON_BLOCKS = YES;
				GCC_OPTIMIZATION_LEVEL = 0;
				GCC_PREPROCESSOR_DEFINITIONS = (
					"DEBUG=1",
					"$(inherited)",
				);
				GCC_WARN_64_TO_32_BIT_CONVERSION = YES;
				GCC_WARN_ABOUT_RETURN_TYPE = YES_ERROR;
				GCC_WARN_UNDECLARED_SELECTOR = YES;
				GCC_WARN_UNINITIALIZED_AUTOS = YES_AGGRESSIVE;
				GCC_WARN_UNUSED_FUNCTION = YES;
				GCC_WARN_UNUSED_VARIABLE = YES;
				MACOSX_DEPLOYMENT_TARGET = 10.14;
				MTL_ENABLE_DEBUG_INFO = INCLUDE_SOURCE;
				MTL_FAST_MATH = YES;
				ONLY_ACTIVE_ARCH = YES;
				SDKROOT = macosx;
				SWIFT_ACTIVE_COMPILATION_CONDITIONS = DEBUG;
				SWIFT_OPTIMIZATION_LEVEL = "-Onone";
			};
			name = Debug;
		};
		BF8B019F2177E0BA00A69A77 /* Release */ = {
			isa = XCBuildConfiguration;
			buildSettings = {
				ALWAYS_SEARCH_USER_PATHS = NO;
				CLANG_ANALYZER_NONNULL = YES;
				CLANG_ANALYZER_NUMBER_OBJECT_CONVERSION = YES_AGGRESSIVE;
				CLANG_CXX_LANGUAGE_STANDARD = "gnu++14";
				CLANG_CXX_LIBRARY = "libc++";
				CLANG_ENABLE_MODULES = YES;
				CLANG_ENABLE_OBJC_ARC = YES;
				CLANG_ENABLE_OBJC_WEAK = YES;
				CLANG_WARN_BLOCK_CAPTURE_AUTORELEASING = YES;
				CLANG_WARN_BOOL_CONVERSION = YES;
				CLANG_WARN_COMMA = YES;
				CLANG_WARN_CONSTANT_CONVERSION = YES;
				CLANG_WARN_DEPRECATED_OBJC_IMPLEMENTATIONS = YES;
				CLANG_WARN_DIRECT_OBJC_ISA_USAGE = YES_ERROR;
				CLANG_WARN_DOCUMENTATION_COMMENTS = YES;
				CLANG_WARN_EMPTY_BODY = YES;
				CLANG_WARN_ENUM_CONVERSION = YES;
				CLANG_WARN_INFINITE_RECURSION = YES;
				CLANG_WARN_INT_CONVERSION = YES;
				CLANG_WARN_NON_LITERAL_NULL_CONVERSION = YES;
				CLANG_WARN_OBJC_IMPLICIT_RETAIN_SELF = YES;
				CLANG_WARN_OBJC_LITERAL_CONVERSION = YES;
				CLANG_WARN_OBJC_ROOT_CLASS = YES_ERROR;
				CLANG_WARN_RANGE_LOOP_ANALYSIS = YES;
				CLANG_WARN_STRICT_PROTOTYPES = YES;
				CLANG_WARN_SUSPICIOUS_MOVE = YES;
				CLANG_WARN_UNGUARDED_AVAILABILITY = YES_AGGRESSIVE;
				CLANG_WARN_UNREACHABLE_CODE = YES;
				CLANG_WARN__DUPLICATE_METHOD_MATCH = YES;
				CODE_SIGN_IDENTITY = "Mac Developer";
				COPY_PHASE_STRIP = NO;
				DEBUG_INFORMATION_FORMAT = "dwarf-with-dsym";
				ENABLE_NS_ASSERTIONS = NO;
				ENABLE_STRICT_OBJC_MSGSEND = YES;
				GCC_C_LANGUAGE_STANDARD = gnu11;
				GCC_NO_COMMON_BLOCKS = YES;
				GCC_WARN_64_TO_32_BIT_CONVERSION = YES;
				GCC_WARN_ABOUT_RETURN_TYPE = YES_ERROR;
				GCC_WARN_UNDECLARED_SELECTOR = YES;
				GCC_WARN_UNINITIALIZED_AUTOS = YES_AGGRESSIVE;
				GCC_WARN_UNUSED_FUNCTION = YES;
				GCC_WARN_UNUSED_VARIABLE = YES;
				MACOSX_DEPLOYMENT_TARGET = 10.14;
				MTL_ENABLE_DEBUG_INFO = NO;
				MTL_FAST_MATH = YES;
				SDKROOT = macosx;
				SWIFT_COMPILATION_MODE = wholemodule;
				SWIFT_OPTIMIZATION_LEVEL = "-O";
			};
			name = Release;
		};
		BF8B01A12177E0BA00A69A77 /* Debug */ = {
			isa = XCBuildConfiguration;
			buildSettings = {
				CODE_SIGN_IDENTITY = "Mac Developer";
				CODE_SIGN_STYLE = Automatic;
				DEVELOPMENT_TEAM = FQQXSP79X3;
				PRODUCT_NAME = "$(TARGET_NAME)";
				PROVISIONING_PROFILE_SPECIFIER = "";
				SWIFT_VERSION = 4.2;
			};
			name = Debug;
		};
		BF8B01A22177E0BA00A69A77 /* Release */ = {
			isa = XCBuildConfiguration;
			buildSettings = {
				CODE_SIGN_IDENTITY = "Mac Developer";
				CODE_SIGN_STYLE = Automatic;
				DEVELOPMENT_TEAM = FQQXSP79X3;
				PRODUCT_NAME = "$(TARGET_NAME)";
				PROVISIONING_PROFILE_SPECIFIER = "";
				SWIFT_VERSION = 4.2;
			};
			name = Release;
		};
/* End XCBuildConfiguration section */

/* Begin XCConfigurationList section */
		BF8B01942177E0BA00A69A77 /* Build configuration list for PBXProject "SwiftMUD" */ = {
			isa = XCConfigurationList;
			buildConfigurations = (
				BF8B019E2177E0BA00A69A77 /* Debug */,
				BF8B019F2177E0BA00A69A77 /* Release */,
			);
			defaultConfigurationIsVisible = 0;
			defaultConfigurationName = Release;
		};
		BF8B01A02177E0BA00A69A77 /* Build configuration list for PBXNativeTarget "SwiftMUD" */ = {
			isa = XCConfigurationList;
			buildConfigurations = (
				BF8B01A12177E0BA00A69A77 /* Debug */,
				BF8B01A22177E0BA00A69A77 /* Release */,
			);
			defaultConfigurationIsVisible = 0;
			defaultConfigurationName = Release;
		};
/* End XCConfigurationList section */
	};
	rootObject = BF8B01912177E0BA00A69A77 /* Project object */;
}
